PODS:
  - AFNetworking (3.0.4):
    - AFNetworking/NSURLSession (= 3.0.4)
    - AFNetworking/Reachability (= 3.0.4)
    - AFNetworking/Security (= 3.0.4)
    - AFNetworking/Serialization (= 3.0.4)
    - AFNetworking/UIKit (= 3.0.4)
  - AFNetworking/NSURLSession (3.0.4):
    - AFNetworking/Reachability
    - AFNetworking/Security
    - AFNetworking/Serialization
  - AFNetworking/Reachability (3.0.4)
  - AFNetworking/Security (3.0.4)
  - AFNetworking/Serialization (3.0.4)
  - AFNetworking/UIKit (3.0.4):
    - AFNetworking/NSURLSession
  - HexColors (2.2.1)
  - HYBLoopScrollView (3.1.4)
  - IQKeyboardManager (3.3.7)
  - JDStatusBarNotification (1.5.3)
  - Masonry (0.6.3)
  - MJExtension (3.0.10)
  - SIAlertView (1.3)
  - TSMessages (0.9.12):
    - HexColors (~> 2.2.0)
  - WZLBadge (1.2.4)

DEPENDENCIES:
  - AFNetworking (~> 3.0.4)
  - HYBLoopScrollView (~> 3.1.4)
  - IQKeyboardManager
  - JDStatusBarNotification
  - Masonry
  - MJExtension
  - SIAlertView
  - TSMessages (~> 0.9.12)
  - WZLBadge

SPEC CHECKSUMS:
  AFNetworking: a0075feb321559dc78d9d85b55d11caa19eabb93
  HexColors: abfd172e329dab59888614ccba6f216cec59289d
  HYBLoopScrollView: f0e9d2cf3a774896372247c75c709ddea5286984
  IQKeyboardManager: 249c3946acf61345c18b038eb50863fe2793e3a8
  JDStatusBarNotification: 29413865af11c862c17180610b0f46a21118b412
  Masonry: ff105a956abcd19a618b2028b121cb638d7a8e2f
  MJExtension: d86aacb740c87519d20e3cca55b6fa4be6cc7548
  SIAlertView: 20c794b55eaf44d888773ea51647cf8907723919
  TSMessages: c8cc7b80f2a833af533872cd02010cac061532cc
  WZLBadge: 6c63f68fa5943d472fe6b1048929a4e479f6e43d

COCOAPODS: 0.39.0
